// !$*UTF8*$!
{
	archiveVersion = 1;
	classes = {
	};
	objectVersion = 50;
	objects = {

/* Begin PBXBuildFile section */
		D2C0C9D622834DE200DF97C5 /* AppDelegate.swift in Sources */ = {isa = PBXBuildFile; fileRef = D2C0C9D522834DE200DF97C5 /* AppDelegate.swift */; };
		D2C0C9D822834DE200DF97C5 /* GameScene.sks in Resources */ = {isa = PBXBuildFile; fileRef = D2C0C9D722834DE200DF97C5 /* GameScene.sks */; };
		D2C0C9DC22834DE200DF97C5 /* GameScene.swift in Sources */ = {isa = PBXBuildFile; fileRef = D2C0C9DB22834DE200DF97C5 /* GameScene.swift */; };
		D2C0C9DE22834DE200DF97C5 /* GameViewController.swift in Sources */ = {isa = PBXBuildFile; fileRef = D2C0C9DD22834DE200DF97C5 /* GameViewController.swift */; };
		D2C0C9E122834DE200DF97C5 /* Main.storyboard in Resources */ = {isa = PBXBuildFile; fileRef = D2C0C9DF22834DE200DF97C5 /* Main.storyboard */; };
		D2C0C9E322834DE300DF97C5 /* Assets.xcassets in Resources */ = {isa = PBXBuildFile; fileRef = D2C0C9E222834DE300DF97C5 /* Assets.xcassets */; };
		D2C0C9E622834DE300DF97C5 /* LaunchScreen.storyboard in Resources */ = {isa = PBXBuildFile; fileRef = D2C0C9E422834DE300DF97C5 /* LaunchScreen.storyboard */; };
		D2C0C9EF22834EBA00DF97C5 /* starfield.sks in Resources */ = {isa = PBXBuildFile; fileRef = D2C0C9ED22834EB900DF97C5 /* starfield.sks */; };
		D2C0C9F022834EBA00DF97C5 /* explosion.sks in Resources */ = {isa = PBXBuildFile; fileRef = D2C0C9EE22834EBA00DF97C5 /* explosion.sks */; };
/* End PBXBuildFile section */

/* Begin PBXFileReference section */
		D2C0C9D222834DE200DF97C5 /* Project14.app */ = {isa = PBXFileReference; explicitFileType = wrapper.application; includeInIndex = 0; path = Project14.app; sourceTree = BUILT_PRODUCTS_DIR; };
		D2C0C9D522834DE200DF97C5 /* AppDelegate.swift */ = {isa = PBXFileReference; lastKnownFileType = sourcecode.swift; path = AppDelegate.swift; sourceTree = "<group>"; };
		D2C0C9D722834DE200DF97C5 /* GameScene.sks */ = {isa = PBXFileReference; lastKnownFileType = file.sks; path = GameScene.sks; sourceTree = "<group>"; };
		D2C0C9DB22834DE200DF97C5 /* GameScene.swift */ = {isa = PBXFileReference; lastKnownFileType = sourcecode.swift; path = GameScene.swift; sourceTree = "<group>"; };
		D2C0C9DD22834DE200DF97C5 /* GameViewController.swift */ = {isa = PBXFileReference; lastKnownFileType = sourcecode.swift; path = GameViewController.swift; sourceTree = "<group>"; };
		D2C0C9E022834DE200DF97C5 /* Base */ = {isa = PBXFileReference; lastKnownFileType = file.storyboard; name = Base; path = Base.lproj/Main.storyboard; sourceTree = "<group>"; };
		D2C0C9E222834DE300DF97C5 /* Assets.xcassets */ = {isa = PBXFileReference; lastKnownFileType = folder.assetcatalog; path = Assets.xcassets; sourceTree = "<group>"; };
		D2C0C9E522834DE300DF97C5 /* Base */ = {isa = PBXFileReference; lastKnownFileType = file.storyboard; name = Base; path = Base.lproj/LaunchScreen.storyboard; sourceTree = "<group>"; };
		D2C0C9E722834DE300DF97C5 /* Info.plist */ = {isa = PBXFileReference; lastKnownFileType = text.plist.xml; path = Info.plist; sourceTree = "<group>"; };
		D2C0C9ED22834EB900DF97C5 /* starfield.sks */ = {isa = PBXFileReference; lastKnownFileType = file.sks; path = starfield.sks; sourceTree = "<group>"; };
		D2C0C9EE22834EBA00DF97C5 /* explosion.sks */ = {isa = PBXFileReference; lastKnownFileType = file.sks; path = explosion.sks; sourceTree = "<group>"; };
/* End PBXFileReference section */

/* Begin PBXFrameworksBuildPhase section */
		D2C0C9CF22834DE200DF97C5 /* Frameworks */ = {
			isa = PBXFrameworksBuildPhase;
			buildActionMask = 2147483647;
			files = (
			);
			runOnlyForDeploymentPostprocessing = 0;
		};
/* End PBXFrameworksBuildPhase section */

/* Begin PBXGroup section */
		D2C0C9C922834DE200DF97C5 = {
			isa = PBXGroup;
			children = (
				D2C0C9D422834DE200DF97C5 /* Project14 */,
				D2C0C9D322834DE200DF97C5 /* Products */,
			);
			sourceTree = "<group>";
		};
		D2C0C9D322834DE200DF97C5 /* Products */ = {
			isa = PBXGroup;
			children = (
				D2C0C9D222834DE200DF97C5 /* Project14.app */,
			);
			name = Products;
			sourceTree = "<group>";
		};
		D2C0C9D422834DE200DF97C5 /* Project14 */ = {
			isa = PBXGroup;
			children = (
				D2C0C9D522834DE200DF97C5 /* AppDelegate.swift */,
				D2C0C9D722834DE200DF97C5 /* GameScene.sks */,
				D2C0C9DB22834DE200DF97C5 /* GameScene.swift */,
				D2C0C9DD22834DE200DF97C5 /* GameViewController.swift */,
				D2C0C9EE22834EBA00DF97C5 /* explosion.sks */,
				D2C0C9ED22834EB900DF97C5 /* starfield.sks */,
				D2C0C9DF22834DE200DF97C5 /* Main.storyboard */,
				D2C0C9E222834DE300DF97C5 /* Assets.xcassets */,
				D2C0C9E422834DE300DF97C5 /* LaunchScreen.storyboard */,
				D2C0C9E722834DE300DF97C5 /* Info.plist */,
			);
			path = Project14;
			sourceTree = "<group>";
		};
/* End PBXGroup section */

/* Begin PBXNativeTarget section */
		D2C0C9D122834DE200DF97C5 /* Project14 */ = {
			isa = PBXNativeTarget;
			buildConfigurationList = D2C0C9EA22834DE300DF97C5 /* Build configuration list for PBXNativeTarget "Project14" */;
			buildPhases = (
				D2C0C9CE22834DE200DF97C5 /* Sources */,
				D2C0C9CF22834DE200DF97C5 /* Frameworks */,
				D2C0C9D022834DE200DF97C5 /* Resources */,
			);
			buildRules = (
			);
			dependencies = (
			);
			name = Project14;
			productName = Project14;
			productReference = D2C0C9D222834DE200DF97C5 /* Project14.app */;
			productType = "com.apple.product-type.application";
		};
/* End PBXNativeTarget section */

/* Begin PBXProject section */
		D2C0C9CA22834DE200DF97C5 /* Project object */ = {
			isa = PBXProject;
			attributes = {
				LastSwiftUpdateCheck = 1020;
				LastUpgradeCheck = 1020;
				ORGANIZATIONNAME = jawnyawn;
				TargetAttributes = {
					D2C0C9D122834DE200DF97C5 = {
						CreatedOnToolsVersion = 10.2.1;
					};
				};
			};
			buildConfigurationList = D2C0C9CD22834DE200DF97C5 /* Build configuration list for PBXProject "Project14" */;
			compatibilityVersion = "Xcode 9.3";
			developmentRegion = en;
			hasScannedForEncodings = 0;
			knownRegions = (
				en,
				Base,
			);
			mainGroup = D2C0C9C922834DE200DF97C5;
			productRefGroup = D2C0C9D322834DE200DF97C5 /* Products */;
			projectDirPath = "";
			projectRoot = "";
			targets = (
				D2C0C9D122834DE200DF97C5 /* Project14 */,
			);
		};
/* End PBXProject section */

/* Begin PBXResourcesBuildPhase section */
		D2C0C9D022834DE200DF97C5 /* Resources */ = {
			isa = PBXResourcesBuildPhase;
			buildActionMask = 2147483647;
			files = (
				D2C0C9E122834DE200DF97C5 /* Main.storyboard in Resources */,
				D2C0C9D822834DE200DF97C5 /* GameScene.sks in Resources */,
				D2C0C9E322834DE300DF97C5 /* Assets.xcassets in Resources */,
				D2C0C9F022834EBA00DF97C5 /* explosion.sks in Resources */,
				D2C0C9EF22834EBA00DF97C5 /* starfield.sks in Resources */,
				D2C0C9E622834DE300DF97C5 /* LaunchScreen.storyboard in Resources */,
			);
			runOnlyForDeploymentPostprocessing = 0;
		};
/* End PBXResourcesBuildPhase section */

/* Begin PBXSourcesBuildPhase section */
		D2C0C9CE22834DE200DF97C5 /* Sources */ = {
			isa = PBXSourcesBuildPhase;
			buildActionMask = 2147483647;
			files = (
				D2C0C9DC22834DE200DF97C5 /* GameScene.swift in Sources */,
				D2C0C9DE22834DE200DF97C5 /* GameViewController.swift in Sources */,
				D2C0C9D622834DE200DF97C5 /* AppDelegate.swift in Sources */,
			);
			runOnlyForDeploymentPostprocessing = 0;
		};
/* End PBXSourcesBuildPhase section */

/* Begin PBXVariantGroup section */
		D2C0C9DF22834DE200DF97C5 /* Main.storyboard */ = {
			isa = PBXVariantGroup;
			children = (
				D2C0C9E022834DE200DF97C5 /* Base */,
			);
			name = Main.storyboard;
			sourceTree = "<group>";
		};
		D2C0C9E422834DE300DF97C5 /* LaunchScreen.storyboard */ = {
			isa = PBXVariantGroup;
			children = (
				D2C0C9E522834DE300DF97C5 /* Base */,
			);
			name = LaunchScreen.storyboard;
			sourceTree = "<group>";
		};
/* End PBXVariantGroup section */

/* Begin XCBuildConfiguration section */
		D2C0C9E822834DE300DF97C5 /* Debug */ = {
			isa = XCBuildConfiguration;
			buildSettings = {
				ALWAYS_SEARCH_USER_PATHS = NO;
				CLANG_ANALYZER_NONNULL = YES;
				CLANG_ANALYZER_NUMBER_OBJECT_CONVERSION = YES_AGGRESSIVE;
				CLANG_CXX_LANGUAGE_STANDARD = "gnu++14";
				CLANG_CXX_LIBRARY = "libc++";
				CLANG_ENABLE_MODULES = YES;
				CLANG_ENABLE_OBJC_ARC = YES;
				CLANG_ENABLE_OBJC_WEAK = YES;
				CLANG_WARN_BLOCK_CAPTURE_AUTORELEASING = YES;
				CLANG_WARN_BOOL_CONVERSION = YES;
				CLANG_WARN_COMMA = YES;
				CLANG_WARN_CONSTANT_CONVERSION = YES;
				CLANG_WARN_DEPRECATED_OBJC_IMPLEMENTATIONS = YES;
				CLANG_WARN_DIRECT_OBJC_ISA_USAGE = YES_ERROR;
				CLANG_WARN_DOCUMENTATION_COMMENTS = YES;
				CLANG_WARN_EMPTY_BODY = YES;
				CLANG_WARN_ENUM_CONVERSION = YES;
				CLANG_WARN_INFINITE_RECURSION = YES;
				CLANG_WARN_INT_CONVERSION = YES;
				CLANG_WARN_NON_LITERAL_NULL_CONVERSION = YES;
				CLANG_WARN_OBJC_IMPLICIT_RETAIN_SELF = YES;
				CLANG_WARN_OBJC_LITERAL_CONVERSION = YES;
				CLANG_WARN_OBJC_ROOT_CLASS = YES_ERROR;
				CLANG_WARN_RANGE_LOOP_ANALYSIS = YES;
				CLANG_WARN_STRICT_PROTOTYPES = YES;
				CLANG_WARN_SUSPICIOUS_MOVE = YES;
				CLANG_WARN_UNGUARDED_AVAILABILITY = YES_AGGRESSIVE;
				CLANG_WARN_UNREACHABLE_CODE = YES;
				CLANG_WARN__DUPLICATE_METHOD_MATCH = YES;
				CODE_SIGN_IDENTITY = "iPhone Developer";
				COPY_PHASE_STRIP = NO;
				DEBUG_INFORMATION_FORMAT = dwarf;
				ENABLE_STRICT_OBJC_MSGSEND = YES;
				ENABLE_TESTABILITY = YES;
				GCC_C_LANGUAGE_STANDARD = gnu11;
				GCC_DYNAMIC_NO_PIC = NO;
				GCC_NO_COMMON_BLOCKS = YES;
				GCC_OPTIMIZATION_LEVEL = 0;
				GCC_PREPROCESSOR_DEFINITIONS = (
					"DEBUG=1",
					"$(inherited)",
				);
				GCC_WARN_64_TO_32_BIT_CONVERSION = YES;
				GCC_WARN_ABOUT_RETURN_TYPE = YES_ERROR;
				GCC_WARN_UNDECLARED_SELECTOR = YES;
				GCC_WARN_UNINITIALIZED_AUTOS = YES_AGGRESSIVE;
				GCC_WARN_UNUSED_FUNCTION = YES;
				GCC_WARN_UNUSED_VARIABLE = YES;
				IPHONEOS_DEPLOYMENT_TARGET = 12.2;
				MTL_ENABLE_DEBUG_INFO = INCLUDE_SOURCE;
				MTL_FAST_MATH = YES;
				ONLY_ACTIVE_ARCH = YES;
				SDKROOT = iphoneos;
				SWIFT_ACTIVE_COMPILATION_CONDITIONS = DEBUG;
				SWIFT_OPTIMIZATION_LEVEL = "-Onone";
			};
			name = Debug;
		};
		D2C0C9E922834DE300DF97C5 /* Release */ = {
			isa = XCBuildConfiguration;
			buildSettings = {
				ALWAYS_SEARCH_USER_PATHS = NO;
				CLANG_ANALYZER_NONNULL = YES;
				CLANG_ANALYZER_NUMBER_OBJECT_CONVERSION = YES_AGGRESSIVE;
				CLANG_CXX_LANGUAGE_STANDARD = "gnu++14";
				CLANG_CXX_LIBRARY = "libc++";
				CLANG_ENABLE_MODULES = YES;
				CLANG_ENABLE_OBJC_ARC = YES;
				CLANG_ENABLE_OBJC_WEAK = YES;
				CLANG_WARN_BLOCK_CAPTURE_AUTORELEASING = YES;
				CLANG_WARN_BOOL_CONVERSION = YES;
				CLANG_WARN_COMMA = YES;
				CLANG_WARN_CONSTANT_CONVERSION = YES;
				CLANG_WARN_DEPRECATED_OBJC_IMPLEMENTATIONS = YES;
				CLANG_WARN_DIRECT_OBJC_ISA_USAGE = YES_ERROR;
				CLANG_WARN_DOCUMENTATION_COMMENTS = YES;
				CLANG_WARN_EMPTY_BODY = YES;
				CLANG_WARN_ENUM_CONVERSION = YES;
				CLANG_WARN_INFINITE_RECURSION = YES;
				CLANG_WARN_INT_CONVERSION = YES;
				CLANG_WARN_NON_LITERAL_NULL_CONVERSION = YES;
				CLANG_WARN_OBJC_IMPLICIT_RETAIN_SELF = YES;
				CLANG_WARN_OBJC_LITERAL_CONVERSION = YES;
				CLANG_WARN_OBJC_ROOT_CLASS = YES_ERROR;
				CLANG_WARN_RANGE_LOOP_ANALYSIS = YES;
				CLANG_WARN_STRICT_PROTOTYPES = YES;
				CLANG_WARN_SUSPICIOUS_MOVE = YES;
				CLANG_WARN_UNGUARDED_AVAILABILITY = YES_AGGRESSIVE;
				CLANG_WARN_UNREACHABLE_CODE = YES;
				CLANG_WARN__DUPLICATE_METHOD_MATCH = YES;
				CODE_SIGN_IDENTITY = "iPhone Developer";
				COPY_PHASE_STRIP = NO;
				DEBUG_INFORMATION_FORMAT = "dwarf-with-dsym";
				ENABLE_NS_ASSERTIONS = NO;
				ENABLE_STRICT_OBJC_MSGSEND = YES;
				GCC_C_LANGUAGE_STANDARD = gnu11;
				GCC_NO_COMMON_BLOCKS = YES;
				GCC_WARN_64_TO_32_BIT_CONVERSION = YES;
				GCC_WARN_ABOUT_RETURN_TYPE = YES_ERROR;
				GCC_WARN_UNDECLARED_SELECTOR = YES;
				GCC_WARN_UNINITIALIZED_AUTOS = YES_AGGRESSIVE;
				GCC_WARN_UNUSED_FUNCTION = YES;
				GCC_WARN_UNUSED_VARIABLE = YES;
				IPHONEOS_DEPLOYMENT_TARGET = 12.2;
				MTL_ENABLE_DEBUG_INFO = NO;
				MTL_FAST_MATH = YES;
				SDKROOT = iphoneos;
				SWIFT_COMPILATION_MODE = wholemodule;
				SWIFT_OPTIMIZATION_LEVEL = "-O";
				VALIDATE_PRODUCT = YES;
			};
			name = Release;
		};
		D2C0C9EB22834DE300DF97C5 /* Debug */ = {
			isa = XCBuildConfiguration;
			buildSettings = {
				ASSETCATALOG_COMPILER_APPICON_NAME = AppIcon;
				CODE_SIGN_STYLE = Automatic;
				DEVELOPMENT_TEAM = DGLQEP2M6C;
				INFOPLIST_FILE = Project14/Info.plist;
				LD_RUNPATH_SEARCH_PATHS = (
					"$(inherited)",
					"@executable_path/Frameworks",
				);
				PRODUCT_BUNDLE_IDENTIFIER = com.jawnyawn.Project14;
				PRODUCT_NAME = "$(TARGET_NAME)";
				SWIFT_VERSION = 5.0;
				TARGETED_DEVICE_FAMILY = "1,2";
			};
			name = Debug;
		};
		D2C0C9EC22834DE300DF97C5 /* Release */ = {
			isa = XCBuildConfiguration;
			buildSettings = {
				ASSETCATALOG_COMPILER_APPICON_NAME = AppIcon;
				CODE_SIGN_STYLE = Automatic;
				DEVELOPMENT_TEAM = DGLQEP2M6C;
				INFOPLIST_FILE = Project14/Info.plist;
				LD_RUNPATH_SEARCH_PATHS = (
					"$(inherited)",
					"@executable_path/Frameworks",
				);
				PRODUCT_BUNDLE_IDENTIFIER = com.jawnyawn.Project14;
				PRODUCT_NAME = "$(TARGET_NAME)";
				SWIFT_VERSION = 5.0;
				TARGETED_DEVICE_FAMILY = "1,2";
			};
			name = Release;
		};
/* End XCBuildConfiguration section */

/* Begin XCConfigurationList section */
		D2C0C9CD22834DE200DF97C5 /* Build configuration list for PBXProject "Project14" */ = {
			isa = XCConfigurationList;
			buildConfigurations = (
				D2C0C9E822834DE300DF97C5 /* Debug */,
				D2C0C9E922834DE300DF97C5 /* Release */,
			);
			defaultConfigurationIsVisible = 0;
			defaultConfigurationName = Release;
		};
		D2C0C9EA22834DE300DF97C5 /* Build configuration list for PBXNativeTarget "Project14" */ = {
			isa = XCConfigurationList;
			buildConfigurations = (
				D2C0C9EB22834DE300DF97C5 /* Debug */,
				D2C0C9EC22834DE300DF97C5 /* Release */,
			);
			defaultConfigurationIsVisible = 0;
			defaultConfigurationName = Release;
		};
/* End XCConfigurationList section */
	};
	rootObject = D2C0C9CA22834DE200DF97C5 /* Project object */;
}
